// !$*UTF8*$!
{
	archiveVersion = 1;
	classes = {
	};
	objectVersion = 46;
	objects = {

/* Begin PBXBuildFile section */
		DDAA1CDF1D0FFB780055588D /* AppDelegate.swift in Sources */ = {isa = PBXBuildFile; fileRef = DDAA1CDE1D0FFB780055588D /* AppDelegate.swift */; };
		DDAA1CE11D0FFB780055588D /* ViewController.swift in Sources */ = {isa = PBXBuildFile; fileRef = DDAA1CE01D0FFB780055588D /* ViewController.swift */; };
		DDAA1CE41D0FFB780055588D /* Main.storyboard in Resources */ = {isa = PBXBuildFile; fileRef = DDAA1CE21D0FFB780055588D /* Main.storyboard */; };
		DDAA1CE61D0FFB780055588D /* Assets.xcassets in Resources */ = {isa = PBXBuildFile; fileRef = DDAA1CE51D0FFB780055588D /* Assets.xcassets */; };
		DDAA1CE91D0FFB780055588D /* LaunchScreen.storyboard in Resources */ = {isa = PBXBuildFile; fileRef = DDAA1CE71D0FFB780055588D /* LaunchScreen.storyboard */; };
		DDAA1CF41D0FFB780055588D /* calculatorTests.swift in Sources */ = {isa = PBXBuildFile; fileRef = DDAA1CF31D0FFB780055588D /* calculatorTests.swift */; };
/* End PBXBuildFile section */

/* Begin PBXContainerItemProxy section */
		DDAA1CF01D0FFB780055588D /* PBXContainerItemProxy */ = {
			isa = PBXContainerItemProxy;
			containerPortal = DDAA1CD31D0FFB780055588D /* Project object */;
			proxyType = 1;
			remoteGlobalIDString = DDAA1CDA1D0FFB780055588D;
			remoteInfo = calculator;
		};
/* End PBXContainerItemProxy section */

/* Begin PBXFileReference section */
		DDAA1CDB1D0FFB780055588D /* calculator.app */ = {isa = PBXFileReference; explicitFileType = wrapper.application; includeInIndex = 0; path = calculator.app; sourceTree = BUILT_PRODUCTS_DIR; };
		DDAA1CDE1D0FFB780055588D /* AppDelegate.swift */ = {isa = PBXFileReference; lastKnownFileType = sourcecode.swift; path = AppDelegate.swift; sourceTree = "<group>"; };
		DDAA1CE01D0FFB780055588D /* ViewController.swift */ = {isa = PBXFileReference; lastKnownFileType = sourcecode.swift; path = ViewController.swift; sourceTree = "<group>"; };
		DDAA1CE31D0FFB780055588D /* Base */ = {isa = PBXFileReference; lastKnownFileType = file.storyboard; name = Base; path = Base.lproj/Main.storyboard; sourceTree = "<group>"; };
		DDAA1CE51D0FFB780055588D /* Assets.xcassets */ = {isa = PBXFileReference; lastKnownFileType = folder.assetcatalog; path = Assets.xcassets; sourceTree = "<group>"; };
		DDAA1CE81D0FFB780055588D /* Base */ = {isa = PBXFileReference; lastKnownFileType = file.storyboard; name = Base; path = Base.lproj/LaunchScreen.storyboard; sourceTree = "<group>"; };
		DDAA1CEA1D0FFB780055588D /* Info.plist */ = {isa = PBXFileReference; lastKnownFileType = text.plist.xml; path = Info.plist; sourceTree = "<group>"; };
		DDAA1CEF1D0FFB780055588D /* calculatorTests.xctest */ = {isa = PBXFileReference; explicitFileType = wrapper.cfbundle; includeInIndex = 0; path = calculatorTests.xctest; sourceTree = BUILT_PRODUCTS_DIR; };
		DDAA1CF31D0FFB780055588D /* calculatorTests.swift */ = {isa = PBXFileReference; lastKnownFileType = sourcecode.swift; path = calculatorTests.swift; sourceTree = "<group>"; };
		DDAA1CF51D0FFB780055588D /* Info.plist */ = {isa = PBXFileReference; lastKnownFileType = text.plist.xml; path = Info.plist; sourceTree = "<group>"; };
/* End PBXFileReference section */

/* Begin PBXFrameworksBuildPhase section */
		DDAA1CD81D0FFB780055588D /* Frameworks */ = {
			isa = PBXFrameworksBuildPhase;
			buildActionMask = 2147483647;
			files = (
			);
			runOnlyForDeploymentPostprocessing = 0;
		};
		DDAA1CEC1D0FFB780055588D /* Frameworks */ = {
			isa = PBXFrameworksBuildPhase;
			buildActionMask = 2147483647;
			files = (
			);
			runOnlyForDeploymentPostprocessing = 0;
		};
/* End PBXFrameworksBuildPhase section */

/* Begin PBXGroup section */
		DDAA1CD21D0FFB780055588D = {
			isa = PBXGroup;
			children = (
				DDAA1CDD1D0FFB780055588D /* calculator */,
				DDAA1CF21D0FFB780055588D /* calculatorTests */,
				DDAA1CDC1D0FFB780055588D /* Products */,
			);
			sourceTree = "<group>";
		};
		DDAA1CDC1D0FFB780055588D /* Products */ = {
			isa = PBXGroup;
			children = (
				DDAA1CDB1D0FFB780055588D /* calculator.app */,
				DDAA1CEF1D0FFB780055588D /* calculatorTests.xctest */,
			);
			name = Products;
			sourceTree = "<group>";
		};
		DDAA1CDD1D0FFB780055588D /* calculator */ = {
			isa = PBXGroup;
			children = (
				DDAA1CDE1D0FFB780055588D /* AppDelegate.swift */,
				DDAA1CE01D0FFB780055588D /* ViewController.swift */,
				DDAA1CE21D0FFB780055588D /* Main.storyboard */,
				DDAA1CE51D0FFB780055588D /* Assets.xcassets */,
				DDAA1CE71D0FFB780055588D /* LaunchScreen.storyboard */,
				DDAA1CEA1D0FFB780055588D /* Info.plist */,
			);
			path = calculator;
			sourceTree = "<group>";
		};
		DDAA1CF21D0FFB780055588D /* calculatorTests */ = {
			isa = PBXGroup;
			children = (
				DDAA1CF31D0FFB780055588D /* calculatorTests.swift */,
				DDAA1CF51D0FFB780055588D /* Info.plist */,
			);
			path = calculatorTests;
			sourceTree = "<group>";
		};
/* End PBXGroup section */

/* Begin PBXNativeTarget section */
		DDAA1CDA1D0FFB780055588D /* calculator */ = {
			isa = PBXNativeTarget;
			buildConfigurationList = DDAA1CF81D0FFB780055588D /* Build configuration list for PBXNativeTarget "calculator" */;
			buildPhases = (
				DDAA1CD71D0FFB780055588D /* Sources */,
				DDAA1CD81D0FFB780055588D /* Frameworks */,
				DDAA1CD91D0FFB780055588D /* Resources */,
			);
			buildRules = (
			);
			dependencies = (
			);
			name = calculator;
			productName = calculator;
			productReference = DDAA1CDB1D0FFB780055588D /* calculator.app */;
			productType = "com.apple.product-type.application";
		};
		DDAA1CEE1D0FFB780055588D /* calculatorTests */ = {
			isa = PBXNativeTarget;
			buildConfigurationList = DDAA1CFB1D0FFB780055588D /* Build configuration list for PBXNativeTarget "calculatorTests" */;
			buildPhases = (
				DDAA1CEB1D0FFB780055588D /* Sources */,
				DDAA1CEC1D0FFB780055588D /* Frameworks */,
				DDAA1CED1D0FFB780055588D /* Resources */,
			);
			buildRules = (
			);
			dependencies = (
				DDAA1CF11D0FFB780055588D /* PBXTargetDependency */,
			);
			name = calculatorTests;
			productName = calculatorTests;
			productReference = DDAA1CEF1D0FFB780055588D /* calculatorTests.xctest */;
			productType = "com.apple.product-type.bundle.unit-test";
		};
/* End PBXNativeTarget section */

/* Begin PBXProject section */
		DDAA1CD31D0FFB780055588D /* Project object */ = {
			isa = PBXProject;
			attributes = {
				LastSwiftUpdateCheck = 0730;
				LastUpgradeCheck = 0730;
				ORGANIZATIONNAME = "Thien Le quang";
				TargetAttributes = {
					DDAA1CDA1D0FFB780055588D = {
						CreatedOnToolsVersion = 7.3;
					};
					DDAA1CEE1D0FFB780055588D = {
						CreatedOnToolsVersion = 7.3;
						TestTargetID = DDAA1CDA1D0FFB780055588D;
					};
				};
			};
			buildConfigurationList = DDAA1CD61D0FFB780055588D /* Build configuration list for PBXProject "calculator" */;
			compatibilityVersion = "Xcode 3.2";
			developmentRegion = English;
			hasScannedForEncodings = 0;
			knownRegions = (
				en,
				Base,
			);
			mainGroup = DDAA1CD21D0FFB780055588D;
			productRefGroup = DDAA1CDC1D0FFB780055588D /* Products */;
			projectDirPath = "";
			projectRoot = "";
			targets = (
				DDAA1CDA1D0FFB780055588D /* calculator */,
				DDAA1CEE1D0FFB780055588D /* calculatorTests */,
			);
		};
/* End PBXProject section */

/* Begin PBXResourcesBuildPhase section */
		DDAA1CD91D0FFB780055588D /* Resources */ = {
			isa = PBXResourcesBuildPhase;
			buildActionMask = 2147483647;
			files = (
				DDAA1CE91D0FFB780055588D /* LaunchScreen.storyboard in Resources */,
				DDAA1CE61D0FFB780055588D /* Assets.xcassets in Resources */,
				DDAA1CE41D0FFB780055588D /* Main.storyboard in Resources */,
			);
			runOnlyForDeploymentPostprocessing = 0;
		};
		DDAA1CED1D0FFB780055588D /* Resources */ = {
			isa = PBXResourcesBuildPhase;
			buildActionMask = 2147483647;
			files = (
			);
			runOnlyForDeploymentPostprocessing = 0;
		};
/* End PBXResourcesBuildPhase section */

/* Begin PBXSourcesBuildPhase section */
		DDAA1CD71D0FFB780055588D /* Sources */ = {
			isa = PBXSourcesBuildPhase;
			buildActionMask = 2147483647;
			files = (
				DDAA1CE11D0FFB780055588D /* ViewController.swift in Sources */,
				DDAA1CDF1D0FFB780055588D /* AppDelegate.swift in Sources */,
			);
			runOnlyForDeploymentPostprocessing = 0;
		};
		DDAA1CEB1D0FFB780055588D /* Sources */ = {
			isa = PBXSourcesBuildPhase;
			buildActionMask = 2147483647;
			files = (
				DDAA1CF41D0FFB780055588D /* calculatorTests.swift in Sources */,
			);
			runOnlyForDeploymentPostprocessing = 0;
		};
/* End PBXSourcesBuildPhase section */

/* Begin PBXTargetDependency section */
		DDAA1CF11D0FFB780055588D /* PBXTargetDependency */ = {
			isa = PBXTargetDependency;
			target = DDAA1CDA1D0FFB780055588D /* calculator */;
			targetProxy = DDAA1CF01D0FFB780055588D /* PBXContainerItemProxy */;
		};
/* End PBXTargetDependency section */

/* Begin PBXVariantGroup section */
		DDAA1CE21D0FFB780055588D /* Main.storyboard */ = {
			isa = PBXVariantGroup;
			children = (
				DDAA1CE31D0FFB780055588D /* Base */,
			);
			name = Main.storyboard;
			sourceTree = "<group>";
		};
		DDAA1CE71D0FFB780055588D /* LaunchScreen.storyboard */ = {
			isa = PBXVariantGroup;
			children = (
				DDAA1CE81D0FFB780055588D /* Base */,
			);
			name = LaunchScreen.storyboard;
			sourceTree = "<group>";
		};
/* End PBXVariantGroup section */

/* Begin XCBuildConfiguration section */
		DDAA1CF61D0FFB780055588D /* Debug */ = {
			isa = XCBuildConfiguration;
			buildSettings = {
				ALWAYS_SEARCH_USER_PATHS = NO;
				CLANG_ANALYZER_NONNULL = YES;
				CLANG_CXX_LANGUAGE_STANDARD = "gnu++0x";
				CLANG_CXX_LIBRARY = "libc++";
				CLANG_ENABLE_MODULES = YES;
				CLANG_ENABLE_OBJC_ARC = YES;
				CLANG_WARN_BOOL_CONVERSION = YES;
				CLANG_WARN_CONSTANT_CONVERSION = YES;
				CLANG_WARN_DIRECT_OBJC_ISA_USAGE = YES_ERROR;
				CLANG_WARN_EMPTY_BODY = YES;
				CLANG_WARN_ENUM_CONVERSION = YES;
				CLANG_WARN_INT_CONVERSION = YES;
				CLANG_WARN_OBJC_ROOT_CLASS = YES_ERROR;
				CLANG_WARN_UNREACHABLE_CODE = YES;
				CLANG_WARN__DUPLICATE_METHOD_MATCH = YES;
				"CODE_SIGN_IDENTITY[sdk=iphoneos*]" = "iPhone Developer";
				COPY_PHASE_STRIP = NO;
				DEBUG_INFORMATION_FORMAT = dwarf;
				ENABLE_STRICT_OBJC_MSGSEND = YES;
				ENABLE_TESTABILITY = YES;
				GCC_C_LANGUAGE_STANDARD = gnu99;
				GCC_DYNAMIC_NO_PIC = NO;
				GCC_NO_COMMON_BLOCKS = YES;
				GCC_OPTIMIZATION_LEVEL = 0;
				GCC_PREPROCESSOR_DEFINITIONS = (
					"DEBUG=1",
					"$(inherited)",
				);
				GCC_WARN_64_TO_32_BIT_CONVERSION = YES;
				GCC_WARN_ABOUT_RETURN_TYPE = YES_ERROR;
				GCC_WARN_UNDECLARED_SELECTOR = YES;
				GCC_WARN_UNINITIALIZED_AUTOS = YES_AGGRESSIVE;
				GCC_WARN_UNUSED_FUNCTION = YES;
				GCC_WARN_UNUSED_VARIABLE = YES;
				IPHONEOS_DEPLOYMENT_TARGET = 9.3;
				MTL_ENABLE_DEBUG_INFO = YES;
				ONLY_ACTIVE_ARCH = YES;
				SDKROOT = iphoneos;
				SWIFT_OPTIMIZATION_LEVEL = "-Onone";
			};
			name = Debug;
		};
		DDAA1CF71D0FFB780055588D /* Release */ = {
			isa = XCBuildConfiguration;
			buildSettings = {
				ALWAYS_SEARCH_USER_PATHS = NO;
				CLANG_ANALYZER_NONNULL = YES;
				CLANG_CXX_LANGUAGE_STANDARD = "gnu++0x";
				CLANG_CXX_LIBRARY = "libc++";
				CLANG_ENABLE_MODULES = YES;
				CLANG_ENABLE_OBJC_ARC = YES;
				CLANG_WARN_BOOL_CONVERSION = YES;
				CLANG_WARN_CONSTANT_CONVERSION = YES;
				CLANG_WARN_DIRECT_OBJC_ISA_USAGE = YES_ERROR;
				CLANG_WARN_EMPTY_BODY = YES;
				CLANG_WARN_ENUM_CONVERSION = YES;
				CLANG_WARN_INT_CONVERSION = YES;
				CLANG_WARN_OBJC_ROOT_CLASS = YES_ERROR;
				CLANG_WARN_UNREACHABLE_CODE = YES;
				CLANG_WARN__DUPLICATE_METHOD_MATCH = YES;
				"CODE_SIGN_IDENTITY[sdk=iphoneos*]" = "iPhone Developer";
				COPY_PHASE_STRIP = NO;
				DEBUG_INFORMATION_FORMAT = "dwarf-with-dsym";
				ENABLE_NS_ASSERTIONS = NO;
				ENABLE_STRICT_OBJC_MSGSEND = YES;
				GCC_C_LANGUAGE_STANDARD = gnu99;
				GCC_NO_COMMON_BLOCKS = YES;
				GCC_WARN_64_TO_32_BIT_CONVERSION = YES;
				GCC_WARN_ABOUT_RETURN_TYPE = YES_ERROR;
				GCC_WARN_UNDECLARED_SELECTOR = YES;
				GCC_WARN_UNINITIALIZED_AUTOS = YES_AGGRESSIVE;
				GCC_WARN_UNUSED_FUNCTION = YES;
				GCC_WARN_UNUSED_VARIABLE = YES;
				IPHONEOS_DEPLOYMENT_TARGET = 9.3;
				MTL_ENABLE_DEBUG_INFO = NO;
				SDKROOT = iphoneos;
				VALIDATE_PRODUCT = YES;
			};
			name = Release;
		};
		DDAA1CF91D0FFB780055588D /* Debug */ = {
			isa = XCBuildConfiguration;
			buildSettings = {
				ASSETCATALOG_COMPILER_APPICON_NAME = AppIcon;
				INFOPLIST_FILE = calculator/Info.plist;
				LD_RUNPATH_SEARCH_PATHS = "$(inherited) @executable_path/Frameworks";
				PRODUCT_BUNDLE_IDENTIFIER = qt.co.calculator;
				PRODUCT_NAME = "$(TARGET_NAME)";
			};
			name = Debug;
		};
		DDAA1CFA1D0FFB780055588D /* Release */ = {
			isa = XCBuildConfiguration;
			buildSettings = {
				ASSETCATALOG_COMPILER_APPICON_NAME = AppIcon;
				INFOPLIST_FILE = calculator/Info.plist;
				LD_RUNPATH_SEARCH_PATHS = "$(inherited) @executable_path/Frameworks";
				PRODUCT_BUNDLE_IDENTIFIER = qt.co.calculator;
				PRODUCT_NAME = "$(TARGET_NAME)";
			};
			name = Release;
		};
		DDAA1CFC1D0FFB780055588D /* Debug */ = {
			isa = XCBuildConfiguration;
			buildSettings = {
				BUNDLE_LOADER = "$(TEST_HOST)";
				INFOPLIST_FILE = calculatorTests/Info.plist;
				LD_RUNPATH_SEARCH_PATHS = "$(inherited) @executable_path/Frameworks @loader_path/Frameworks";
				PRODUCT_BUNDLE_IDENTIFIER = qt.co.calculatorTests;
				PRODUCT_NAME = "$(TARGET_NAME)";
				TEST_HOST = "$(BUILT_PRODUCTS_DIR)/calculator.app/calculator";
			};
			name = Debug;
		};
		DDAA1CFD1D0FFB780055588D /* Release */ = {
			isa = XCBuildConfiguration;
			buildSettings = {
				BUNDLE_LOADER = "$(TEST_HOST)";
				INFOPLIST_FILE = calculatorTests/Info.plist;
				LD_RUNPATH_SEARCH_PATHS = "$(inherited) @executable_path/Frameworks @loader_path/Frameworks";
				PRODUCT_BUNDLE_IDENTIFIER = qt.co.calculatorTests;
				PRODUCT_NAME = "$(TARGET_NAME)";
				TEST_HOST = "$(BUILT_PRODUCTS_DIR)/calculator.app/calculator";
			};
			name = Release;
		};
/* End XCBuildConfiguration section */

/* Begin XCConfigurationList section */
		DDAA1CD61D0FFB780055588D /* Build configuration list for PBXProject "calculator" */ = {
			isa = XCConfigurationList;
			buildConfigurations = (
				DDAA1CF61D0FFB780055588D /* Debug */,
				DDAA1CF71D0FFB780055588D /* Release */,
			);
			defaultConfigurationIsVisible = 0;
			defaultConfigurationName = Release;
		};
		DDAA1CF81D0FFB780055588D /* Build configuration list for PBXNativeTarget "calculator" */ = {
			isa = XCConfigurationList;
			buildConfigurations = (
				DDAA1CF91D0FFB780055588D /* Debug */,
				DDAA1CFA1D0FFB780055588D /* Release */,
			);
			defaultConfigurationIsVisible = 0;
		};
		DDAA1CFB1D0FFB780055588D /* Build configuration list for PBXNativeTarget "calculatorTests" */ = {
			isa = XCConfigurationList;
			buildConfigurations = (
				DDAA1CFC1D0FFB780055588D /* Debug */,
				DDAA1CFD1D0FFB780055588D /* Release */,
			);
			defaultConfigurationIsVisible = 0;
		};
/* End XCConfigurationList section */
	};
	rootObject = DDAA1CD31D0FFB780055588D /* Project object */;
}
